
Microsoft Visual Studio Solution File, Format Version 12.00
# Visual Studio Version 16
VisualStudioVersion = 16.0.30002.166
MinimumVisualStudioVersion = 10.0.40219.1
Project("{FAE04EC0-301F-11D3-BF4B-00C04F79EFBC}") = "GameJam2020Change", "GameJam2020Change\GameJam2020Change.csproj", "{46AFB9C1-B2E2-4F0B-A1B6-6BA3B01B4728}"
EndProject
Global
	GlobalSection(SolutionConfigurationPlatforms) = preSolution
		Debug|Any CPU = Debug|Any CPU
		Release|Any CPU = Release|Any CPU
	EndGlobalSection
	GlobalSection(ProjectConfigurationPlatforms) = postSolution
		{46AFB9C1-B2E2-4F0B-A1B6-6BA3B01B4728}.Debug|Any CPU.ActiveCfg = Debug|Any CPU
		{46AFB9C1-B2E2-4F0B-A1B6-6BA3B01B4728}.Debug|Any CPU.Build.0 = Debug|Any CPU
		{46AFB9C1-B2E2-4F0B-A1B6-6BA3B01B4728}.Release|Any CPU.ActiveCfg = Release|Any CPU
		{46AFB9C1-B2E2-4F0B-A1B6-6BA3B01B4728}.Release|Any CPU.Build.0 = Release|Any CPU
	EndGlobalSection
	GlobalSection(SolutionProperties) = preSolution
		HideSolutionNode = FALSE
	EndGlobalSection
	GlobalSection(ExtensibilityGlobals) = postSolution
		SolutionGuid = {5B6B4FC7-7242-40E1-9BFB-385A0935DA26}
	EndGlobalSection
EndGlobal
